// !$*UTF8*$!
{
	archiveVersion = 1;
	classes = {
	};
	objectVersion = 55;
	objects = {

/* Begin PBXBuildFile section */
		D1347B6228BDB48F009635DF /* App.swift in Sources */ = {isa = PBXBuildFile; fileRef = D1347B6128BDB48F009635DF /* App.swift */; };
		D1347B6428BDB48F009635DF /* AppView.swift in Sources */ = {isa = PBXBuildFile; fileRef = D1347B6328BDB48F009635DF /* AppView.swift */; };
		D1347B6628BDB48F009635DF /* Assets.xcassets in Resources */ = {isa = PBXBuildFile; fileRef = D1347B6528BDB48F009635DF /* Assets.xcassets */; };
		D1347B6928BDB48F009635DF /* Preview Assets.xcassets in Resources */ = {isa = PBXBuildFile; fileRef = D1347B6828BDB48F009635DF /* Preview Assets.xcassets */; };
		D1347B7328BDB48F009635DF /* AuthViewModelTests.swift in Sources */ = {isa = PBXBuildFile; fileRef = D1347B7228BDB48F009635DF /* AuthViewModelTests.swift */; };
		D1347B7D28BDB48F009635DF /* MVVMUITests.swift in Sources */ = {isa = PBXBuildFile; fileRef = D1347B7C28BDB48F009635DF /* MVVMUITests.swift */; };
		D1347B7F28BDB48F009635DF /* MVVMUITestsLaunchTests.swift in Sources */ = {isa = PBXBuildFile; fileRef = D1347B7E28BDB48F009635DF /* MVVMUITestsLaunchTests.swift */; };
		D1347B8F28BDB531009635DF /* AppViewModel.swift in Sources */ = {isa = PBXBuildFile; fileRef = D1347B8E28BDB531009635DF /* AppViewModel.swift */; };
		D1347B9128BEA259009635DF /* AuthViewModel.swift in Sources */ = {isa = PBXBuildFile; fileRef = D1347B9028BEA259009635DF /* AuthViewModel.swift */; };
		D1347B9428BEA270009635DF /* String+Error.swift in Sources */ = {isa = PBXBuildFile; fileRef = D1347B9328BEA270009635DF /* String+Error.swift */; };
		D1347B9628BEA42F009635DF /* AuthView.swift in Sources */ = {isa = PBXBuildFile; fileRef = D1347B9528BEA42F009635DF /* AuthView.swift */; };
		D1347B9828BEA56C009635DF /* HomeView.swift in Sources */ = {isa = PBXBuildFile; fileRef = D1347B9728BEA56C009635DF /* HomeView.swift */; };
		D1347B9A28BEA5A1009635DF /* HomeViewModel.swift in Sources */ = {isa = PBXBuildFile; fileRef = D1347B9928BEA5A1009635DF /* HomeViewModel.swift */; };
		D1347B9D28BEA7DA009635DF /* Responder.swift in Sources */ = {isa = PBXBuildFile; fileRef = D1347B9C28BEA7DA009635DF /* Responder.swift */; };
/* End PBXBuildFile section */

/* Begin PBXContainerItemProxy section */
		D1347B6F28BDB48F009635DF /* PBXContainerItemProxy */ = {
			isa = PBXContainerItemProxy;
			containerPortal = D1347B5628BDB48F009635DF /* Project object */;
			proxyType = 1;
			remoteGlobalIDString = D1347B5D28BDB48F009635DF;
			remoteInfo = MVVM;
		};
		D1347B7928BDB48F009635DF /* PBXContainerItemProxy */ = {
			isa = PBXContainerItemProxy;
			containerPortal = D1347B5628BDB48F009635DF /* Project object */;
			proxyType = 1;
			remoteGlobalIDString = D1347B5D28BDB48F009635DF;
			remoteInfo = MVVM;
		};
/* End PBXContainerItemProxy section */

/* Begin PBXFileReference section */
		D1347B5E28BDB48F009635DF /* MVVM.app */ = {isa = PBXFileReference; explicitFileType = wrapper.application; includeInIndex = 0; path = MVVM.app; sourceTree = BUILT_PRODUCTS_DIR; };
		D1347B6128BDB48F009635DF /* App.swift */ = {isa = PBXFileReference; lastKnownFileType = sourcecode.swift; path = App.swift; sourceTree = "<group>"; };
		D1347B6328BDB48F009635DF /* AppView.swift */ = {isa = PBXFileReference; lastKnownFileType = sourcecode.swift; path = AppView.swift; sourceTree = "<group>"; };
		D1347B6528BDB48F009635DF /* Assets.xcassets */ = {isa = PBXFileReference; lastKnownFileType = folder.assetcatalog; path = Assets.xcassets; sourceTree = "<group>"; };
		D1347B6828BDB48F009635DF /* Preview Assets.xcassets */ = {isa = PBXFileReference; lastKnownFileType = folder.assetcatalog; path = "Preview Assets.xcassets"; sourceTree = "<group>"; };
		D1347B6E28BDB48F009635DF /* MVVMTests.xctest */ = {isa = PBXFileReference; explicitFileType = wrapper.cfbundle; includeInIndex = 0; path = MVVMTests.xctest; sourceTree = BUILT_PRODUCTS_DIR; };
		D1347B7228BDB48F009635DF /* AuthViewModelTests.swift */ = {isa = PBXFileReference; lastKnownFileType = sourcecode.swift; path = AuthViewModelTests.swift; sourceTree = "<group>"; };
		D1347B7828BDB48F009635DF /* MVVMUITests.xctest */ = {isa = PBXFileReference; explicitFileType = wrapper.cfbundle; includeInIndex = 0; path = MVVMUITests.xctest; sourceTree = BUILT_PRODUCTS_DIR; };
		D1347B7C28BDB48F009635DF /* MVVMUITests.swift */ = {isa = PBXFileReference; lastKnownFileType = sourcecode.swift; path = MVVMUITests.swift; sourceTree = "<group>"; };
		D1347B7E28BDB48F009635DF /* MVVMUITestsLaunchTests.swift */ = {isa = PBXFileReference; lastKnownFileType = sourcecode.swift; path = MVVMUITestsLaunchTests.swift; sourceTree = "<group>"; };
		D1347B8E28BDB531009635DF /* AppViewModel.swift */ = {isa = PBXFileReference; lastKnownFileType = sourcecode.swift; path = AppViewModel.swift; sourceTree = "<group>"; };
		D1347B9028BEA259009635DF /* AuthViewModel.swift */ = {isa = PBXFileReference; lastKnownFileType = sourcecode.swift; path = AuthViewModel.swift; sourceTree = "<group>"; };
		D1347B9328BEA270009635DF /* String+Error.swift */ = {isa = PBXFileReference; lastKnownFileType = sourcecode.swift; path = "String+Error.swift"; sourceTree = "<group>"; };
		D1347B9528BEA42F009635DF /* AuthView.swift */ = {isa = PBXFileReference; lastKnownFileType = sourcecode.swift; path = AuthView.swift; sourceTree = "<group>"; };
		D1347B9728BEA56C009635DF /* HomeView.swift */ = {isa = PBXFileReference; lastKnownFileType = sourcecode.swift; path = HomeView.swift; sourceTree = "<group>"; };
		D1347B9928BEA5A1009635DF /* HomeViewModel.swift */ = {isa = PBXFileReference; lastKnownFileType = sourcecode.swift; path = HomeViewModel.swift; sourceTree = "<group>"; };
		D1347B9C28BEA7DA009635DF /* Responder.swift */ = {isa = PBXFileReference; lastKnownFileType = sourcecode.swift; path = Responder.swift; sourceTree = "<group>"; };
/* End PBXFileReference section */

/* Begin PBXFrameworksBuildPhase section */
		D1347B5B28BDB48F009635DF /* Frameworks */ = {
			isa = PBXFrameworksBuildPhase;
			buildActionMask = 2147483647;
			files = (
			);
			runOnlyForDeploymentPostprocessing = 0;
		};
		D1347B6B28BDB48F009635DF /* Frameworks */ = {
			isa = PBXFrameworksBuildPhase;
			buildActionMask = 2147483647;
			files = (
			);
			runOnlyForDeploymentPostprocessing = 0;
		};
		D1347B7528BDB48F009635DF /* Frameworks */ = {
			isa = PBXFrameworksBuildPhase;
			buildActionMask = 2147483647;
			files = (
			);
			runOnlyForDeploymentPostprocessing = 0;
		};
/* End PBXFrameworksBuildPhase section */

/* Begin PBXGroup section */
		D1347B5528BDB48F009635DF = {
			isa = PBXGroup;
			children = (
				D1347B6028BDB48F009635DF /* MVVM */,
				D1347B7128BDB48F009635DF /* MVVMTests */,
				D1347B7B28BDB48F009635DF /* MVVMUITests */,
				D1347B5F28BDB48F009635DF /* Products */,
			);
			sourceTree = "<group>";
		};
		D1347B5F28BDB48F009635DF /* Products */ = {
			isa = PBXGroup;
			children = (
				D1347B5E28BDB48F009635DF /* MVVM.app */,
				D1347B6E28BDB48F009635DF /* MVVMTests.xctest */,
				D1347B7828BDB48F009635DF /* MVVMUITests.xctest */,
			);
			name = Products;
			sourceTree = "<group>";
		};
		D1347B6028BDB48F009635DF /* MVVM */ = {
			isa = PBXGroup;
			children = (
				D1347B6728BDB48F009635DF /* Preview Content */,
				D1347B8C28BDB4CE009635DF /* Resources */,
				D1347B8B28BDB4C8009635DF /* Source */,
			);
			path = MVVM;
			sourceTree = "<group>";
		};
		D1347B6728BDB48F009635DF /* Preview Content */ = {
			isa = PBXGroup;
			children = (
				D1347B6828BDB48F009635DF /* Preview Assets.xcassets */,
			);
			path = "Preview Content";
			sourceTree = "<group>";
		};
		D1347B7128BDB48F009635DF /* MVVMTests */ = {
			isa = PBXGroup;
			children = (
				D1347B7228BDB48F009635DF /* AuthViewModelTests.swift */,
			);
			path = MVVMTests;
			sourceTree = "<group>";
		};
		D1347B7B28BDB48F009635DF /* MVVMUITests */ = {
			isa = PBXGroup;
			children = (
				D1347B7C28BDB48F009635DF /* MVVMUITests.swift */,
				D1347B7E28BDB48F009635DF /* MVVMUITestsLaunchTests.swift */,
			);
			path = MVVMUITests;
			sourceTree = "<group>";
		};
		D1347B8B28BDB4C8009635DF /* Source */ = {
			isa = PBXGroup;
			children = (
				D1347B9B28BEA7AD009635DF /* Components */,
				D1347B9228BEA267009635DF /* Extensions */,
				D1347B8D28BDB4DD009635DF /* UI */,
				D1347B6128BDB48F009635DF /* App.swift */,
			);
			path = Source;
			sourceTree = "<group>";
		};
		D1347B8C28BDB4CE009635DF /* Resources */ = {
			isa = PBXGroup;
			children = (
				D1347B6528BDB48F009635DF /* Assets.xcassets */,
			);
			path = Resources;
			sourceTree = "<group>";
		};
		D1347B8D28BDB4DD009635DF /* UI */ = {
			isa = PBXGroup;
			children = (
				D1347B6328BDB48F009635DF /* AppView.swift */,
				D1347B8E28BDB531009635DF /* AppViewModel.swift */,
				D1347B9528BEA42F009635DF /* AuthView.swift */,
				D1347B9028BEA259009635DF /* AuthViewModel.swift */,
				D1347B9728BEA56C009635DF /* HomeView.swift */,
				D1347B9928BEA5A1009635DF /* HomeViewModel.swift */,
			);
			path = UI;
			sourceTree = "<group>";
		};
		D1347B9228BEA267009635DF /* Extensions */ = {
			isa = PBXGroup;
			children = (
				D1347B9328BEA270009635DF /* String+Error.swift */,
			);
			path = Extensions;
			sourceTree = "<group>";
		};
		D1347B9B28BEA7AD009635DF /* Components */ = {
			isa = PBXGroup;
			children = (
				D1347B9C28BEA7DA009635DF /* Responder.swift */,
			);
			path = Components;
			sourceTree = "<group>";
		};
/* End PBXGroup section */

/* Begin PBXNativeTarget section */
		D1347B5D28BDB48F009635DF /* MVVM */ = {
			isa = PBXNativeTarget;
			buildConfigurationList = D1347B8228BDB48F009635DF /* Build configuration list for PBXNativeTarget "MVVM" */;
			buildPhases = (
				D1347B5A28BDB48F009635DF /* Sources */,
				D1347B5B28BDB48F009635DF /* Frameworks */,
				D1347B5C28BDB48F009635DF /* Resources */,
			);
			buildRules = (
			);
			dependencies = (
			);
			name = MVVM;
			productName = MVVM;
			productReference = D1347B5E28BDB48F009635DF /* MVVM.app */;
			productType = "com.apple.product-type.application";
		};
		D1347B6D28BDB48F009635DF /* MVVMTests */ = {
			isa = PBXNativeTarget;
			buildConfigurationList = D1347B8528BDB48F009635DF /* Build configuration list for PBXNativeTarget "MVVMTests" */;
			buildPhases = (
				D1347B6A28BDB48F009635DF /* Sources */,
				D1347B6B28BDB48F009635DF /* Frameworks */,
				D1347B6C28BDB48F009635DF /* Resources */,
			);
			buildRules = (
			);
			dependencies = (
				D1347B7028BDB48F009635DF /* PBXTargetDependency */,
			);
			name = MVVMTests;
			productName = MVVMTests;
			productReference = D1347B6E28BDB48F009635DF /* MVVMTests.xctest */;
			productType = "com.apple.product-type.bundle.unit-test";
		};
		D1347B7728BDB48F009635DF /* MVVMUITests */ = {
			isa = PBXNativeTarget;
			buildConfigurationList = D1347B8828BDB48F009635DF /* Build configuration list for PBXNativeTarget "MVVMUITests" */;
			buildPhases = (
				D1347B7428BDB48F009635DF /* Sources */,
				D1347B7528BDB48F009635DF /* Frameworks */,
				D1347B7628BDB48F009635DF /* Resources */,
			);
			buildRules = (
			);
			dependencies = (
				D1347B7A28BDB48F009635DF /* PBXTargetDependency */,
			);
			name = MVVMUITests;
			productName = MVVMUITests;
			productReference = D1347B7828BDB48F009635DF /* MVVMUITests.xctest */;
			productType = "com.apple.product-type.bundle.ui-testing";
		};
/* End PBXNativeTarget section */

/* Begin PBXProject section */
		D1347B5628BDB48F009635DF /* Project object */ = {
			isa = PBXProject;
			attributes = {
				BuildIndependentTargetsInParallel = 1;
				LastSwiftUpdateCheck = 1340;
				LastUpgradeCheck = 1340;
				TargetAttributes = {
					D1347B5D28BDB48F009635DF = {
						CreatedOnToolsVersion = 13.4.1;
					};
					D1347B6D28BDB48F009635DF = {
						CreatedOnToolsVersion = 13.4.1;
						TestTargetID = D1347B5D28BDB48F009635DF;
					};
					D1347B7728BDB48F009635DF = {
						CreatedOnToolsVersion = 13.4.1;
						TestTargetID = D1347B5D28BDB48F009635DF;
					};
				};
			};
			buildConfigurationList = D1347B5928BDB48F009635DF /* Build configuration list for PBXProject "MVVM" */;
			compatibilityVersion = "Xcode 13.0";
			developmentRegion = en;
			hasScannedForEncodings = 0;
			knownRegions = (
				en,
				Base,
			);
			mainGroup = D1347B5528BDB48F009635DF;
			productRefGroup = D1347B5F28BDB48F009635DF /* Products */;
			projectDirPath = "";
			projectRoot = "";
			targets = (
				D1347B5D28BDB48F009635DF /* MVVM */,
				D1347B6D28BDB48F009635DF /* MVVMTests */,
				D1347B7728BDB48F009635DF /* MVVMUITests */,
			);
		};
/* End PBXProject section */

/* Begin PBXResourcesBuildPhase section */
		D1347B5C28BDB48F009635DF /* Resources */ = {
			isa = PBXResourcesBuildPhase;
			buildActionMask = 2147483647;
			files = (
				D1347B6928BDB48F009635DF /* Preview Assets.xcassets in Resources */,
				D1347B6628BDB48F009635DF /* Assets.xcassets in Resources */,
			);
			runOnlyForDeploymentPostprocessing = 0;
		};
		D1347B6C28BDB48F009635DF /* Resources */ = {
			isa = PBXResourcesBuildPhase;
			buildActionMask = 2147483647;
			files = (
			);
			runOnlyForDeploymentPostprocessing = 0;
		};
		D1347B7628BDB48F009635DF /* Resources */ = {
			isa = PBXResourcesBuildPhase;
			buildActionMask = 2147483647;
			files = (
			);
			runOnlyForDeploymentPostprocessing = 0;
		};
/* End PBXResourcesBuildPhase section */

/* Begin PBXSourcesBuildPhase section */
		D1347B5A28BDB48F009635DF /* Sources */ = {
			isa = PBXSourcesBuildPhase;
			buildActionMask = 2147483647;
			files = (
				D1347B9128BEA259009635DF /* AuthViewModel.swift in Sources */,
				D1347B9828BEA56C009635DF /* HomeView.swift in Sources */,
				D1347B6428BDB48F009635DF /* AppView.swift in Sources */,
				D1347B9A28BEA5A1009635DF /* HomeViewModel.swift in Sources */,
				D1347B9628BEA42F009635DF /* AuthView.swift in Sources */,
				D1347B9428BEA270009635DF /* String+Error.swift in Sources */,
				D1347B6228BDB48F009635DF /* App.swift in Sources */,
				D1347B9D28BEA7DA009635DF /* Responder.swift in Sources */,
				D1347B8F28BDB531009635DF /* AppViewModel.swift in Sources */,
			);
			runOnlyForDeploymentPostprocessing = 0;
		};
		D1347B6A28BDB48F009635DF /* Sources */ = {
			isa = PBXSourcesBuildPhase;
			buildActionMask = 2147483647;
			files = (
				D1347B7328BDB48F009635DF /* AuthViewModelTests.swift in Sources */,
			);
			runOnlyForDeploymentPostprocessing = 0;
		};
		D1347B7428BDB48F009635DF /* Sources */ = {
			isa = PBXSourcesBuildPhase;
			buildActionMask = 2147483647;
			files = (
				D1347B7F28BDB48F009635DF /* MVVMUITestsLaunchTests.swift in Sources */,
				D1347B7D28BDB48F009635DF /* MVVMUITests.swift in Sources */,
			);
			runOnlyForDeploymentPostprocessing = 0;
		};
/* End PBXSourcesBuildPhase section */

/* Begin PBXTargetDependency section */
		D1347B7028BDB48F009635DF /* PBXTargetDependency */ = {
			isa = PBXTargetDependency;
			target = D1347B5D28BDB48F009635DF /* MVVM */;
			targetProxy = D1347B6F28BDB48F009635DF /* PBXContainerItemProxy */;
		};
		D1347B7A28BDB48F009635DF /* PBXTargetDependency */ = {
			isa = PBXTargetDependency;
			target = D1347B5D28BDB48F009635DF /* MVVM */;
			targetProxy = D1347B7928BDB48F009635DF /* PBXContainerItemProxy */;
		};
/* End PBXTargetDependency section */

/* Begin XCBuildConfiguration section */
		D1347B8028BDB48F009635DF /* Debug */ = {
			isa = XCBuildConfiguration;
			buildSettings = {
				ALWAYS_SEARCH_USER_PATHS = NO;
				CLANG_ANALYZER_NONNULL = YES;
				CLANG_ANALYZER_NUMBER_OBJECT_CONVERSION = YES_AGGRESSIVE;
				CLANG_CXX_LANGUAGE_STANDARD = "gnu++17";
				CLANG_ENABLE_MODULES = YES;
				CLANG_ENABLE_OBJC_ARC = YES;
				CLANG_ENABLE_OBJC_WEAK = YES;
				CLANG_WARN_BLOCK_CAPTURE_AUTORELEASING = YES;
				CLANG_WARN_BOOL_CONVERSION = YES;
				CLANG_WARN_COMMA = YES;
				CLANG_WARN_CONSTANT_CONVERSION = YES;
				CLANG_WARN_DEPRECATED_OBJC_IMPLEMENTATIONS = YES;
				CLANG_WARN_DIRECT_OBJC_ISA_USAGE = YES_ERROR;
				CLANG_WARN_DOCUMENTATION_COMMENTS = YES;
				CLANG_WARN_EMPTY_BODY = YES;
				CLANG_WARN_ENUM_CONVERSION = YES;
				CLANG_WARN_INFINITE_RECURSION = YES;
				CLANG_WARN_INT_CONVERSION = YES;
				CLANG_WARN_NON_LITERAL_NULL_CONVERSION = YES;
				CLANG_WARN_OBJC_IMPLICIT_RETAIN_SELF = YES;
				CLANG_WARN_OBJC_LITERAL_CONVERSION = YES;
				CLANG_WARN_OBJC_ROOT_CLASS = YES_ERROR;
				CLANG_WARN_QUOTED_INCLUDE_IN_FRAMEWORK_HEADER = YES;
				CLANG_WARN_RANGE_LOOP_ANALYSIS = YES;
				CLANG_WARN_STRICT_PROTOTYPES = YES;
				CLANG_WARN_SUSPICIOUS_MOVE = YES;
				CLANG_WARN_UNGUARDED_AVAILABILITY = YES_AGGRESSIVE;
				CLANG_WARN_UNREACHABLE_CODE = YES;
				CLANG_WARN__DUPLICATE_METHOD_MATCH = YES;
				COPY_PHASE_STRIP = NO;
				DEBUG_INFORMATION_FORMAT = dwarf;
				ENABLE_STRICT_OBJC_MSGSEND = YES;
				ENABLE_TESTABILITY = YES;
				GCC_C_LANGUAGE_STANDARD = gnu11;
				GCC_DYNAMIC_NO_PIC = NO;
				GCC_NO_COMMON_BLOCKS = YES;
				GCC_OPTIMIZATION_LEVEL = 0;
				GCC_PREPROCESSOR_DEFINITIONS = (
					"DEBUG=1",
					"$(inherited)",
				);
				GCC_WARN_64_TO_32_BIT_CONVERSION = YES;
				GCC_WARN_ABOUT_RETURN_TYPE = YES_ERROR;
				GCC_WARN_UNDECLARED_SELECTOR = YES;
				GCC_WARN_UNINITIALIZED_AUTOS = YES_AGGRESSIVE;
				GCC_WARN_UNUSED_FUNCTION = YES;
				GCC_WARN_UNUSED_VARIABLE = YES;
				IPHONEOS_DEPLOYMENT_TARGET = 15.5;
				MTL_ENABLE_DEBUG_INFO = INCLUDE_SOURCE;
				MTL_FAST_MATH = YES;
				ONLY_ACTIVE_ARCH = YES;
				SDKROOT = iphoneos;
				SWIFT_ACTIVE_COMPILATION_CONDITIONS = DEBUG;
				SWIFT_OPTIMIZATION_LEVEL = "-Onone";
			};
			name = Debug;
		};
		D1347B8128BDB48F009635DF /* Release */ = {
			isa = XCBuildConfiguration;
			buildSettings = {
				ALWAYS_SEARCH_USER_PATHS = NO;
				CLANG_ANALYZER_NONNULL = YES;
				CLANG_ANALYZER_NUMBER_OBJECT_CONVERSION = YES_AGGRESSIVE;
				CLANG_CXX_LANGUAGE_STANDARD = "gnu++17";
				CLANG_ENABLE_MODULES = YES;
				CLANG_ENABLE_OBJC_ARC = YES;
				CLANG_ENABLE_OBJC_WEAK = YES;
				CLANG_WARN_BLOCK_CAPTURE_AUTORELEASING = YES;
				CLANG_WARN_BOOL_CONVERSION = YES;
				CLANG_WARN_COMMA = YES;
				CLANG_WARN_CONSTANT_CONVERSION = YES;
				CLANG_WARN_DEPRECATED_OBJC_IMPLEMENTATIONS = YES;
				CLANG_WARN_DIRECT_OBJC_ISA_USAGE = YES_ERROR;
				CLANG_WARN_DOCUMENTATION_COMMENTS = YES;
				CLANG_WARN_EMPTY_BODY = YES;
				CLANG_WARN_ENUM_CONVERSION = YES;
				CLANG_WARN_INFINITE_RECURSION = YES;
				CLANG_WARN_INT_CONVERSION = YES;
				CLANG_WARN_NON_LITERAL_NULL_CONVERSION = YES;
				CLANG_WARN_OBJC_IMPLICIT_RETAIN_SELF = YES;
				CLANG_WARN_OBJC_LITERAL_CONVERSION = YES;
				CLANG_WARN_OBJC_ROOT_CLASS = YES_ERROR;
				CLANG_WARN_QUOTED_INCLUDE_IN_FRAMEWORK_HEADER = YES;
				CLANG_WARN_RANGE_LOOP_ANALYSIS = YES;
				CLANG_WARN_STRICT_PROTOTYPES = YES;
				CLANG_WARN_SUSPICIOUS_MOVE = YES;
				CLANG_WARN_UNGUARDED_AVAILABILITY = YES_AGGRESSIVE;
				CLANG_WARN_UNREACHABLE_CODE = YES;
				CLANG_WARN__DUPLICATE_METHOD_MATCH = YES;
				COPY_PHASE_STRIP = NO;
				DEBUG_INFORMATION_FORMAT = "dwarf-with-dsym";
				ENABLE_NS_ASSERTIONS = NO;
				ENABLE_STRICT_OBJC_MSGSEND = YES;
				GCC_C_LANGUAGE_STANDARD = gnu11;
				GCC_NO_COMMON_BLOCKS = YES;
				GCC_WARN_64_TO_32_BIT_CONVERSION = YES;
				GCC_WARN_ABOUT_RETURN_TYPE = YES_ERROR;
				GCC_WARN_UNDECLARED_SELECTOR = YES;
				GCC_WARN_UNINITIALIZED_AUTOS = YES_AGGRESSIVE;
				GCC_WARN_UNUSED_FUNCTION = YES;
				GCC_WARN_UNUSED_VARIABLE = YES;
				IPHONEOS_DEPLOYMENT_TARGET = 15.5;
				MTL_ENABLE_DEBUG_INFO = NO;
				MTL_FAST_MATH = YES;
				SDKROOT = iphoneos;
				SWIFT_COMPILATION_MODE = wholemodule;
				SWIFT_OPTIMIZATION_LEVEL = "-O";
				VALIDATE_PRODUCT = YES;
			};
			name = Release;
		};
		D1347B8328BDB48F009635DF /* Debug */ = {
			isa = XCBuildConfiguration;
			buildSettings = {
				ASSETCATALOG_COMPILER_APPICON_NAME = AppIcon;
				ASSETCATALOG_COMPILER_GLOBAL_ACCENT_COLOR_NAME = AccentColor;
				CODE_SIGN_STYLE = Automatic;
				CURRENT_PROJECT_VERSION = 1;
				DEVELOPMENT_ASSET_PATHS = "\"MVVM/Preview Content\"";
				ENABLE_PREVIEWS = YES;
				GENERATE_INFOPLIST_FILE = YES;
				INFOPLIST_KEY_UIApplicationSceneManifest_Generation = YES;
				INFOPLIST_KEY_UIApplicationSupportsIndirectInputEvents = YES;
				INFOPLIST_KEY_UILaunchScreen_Generation = YES;
				INFOPLIST_KEY_UISupportedInterfaceOrientations_iPad = "UIInterfaceOrientationPortrait UIInterfaceOrientationPortraitUpsideDown UIInterfaceOrientationLandscapeLeft UIInterfaceOrientationLandscapeRight";
				INFOPLIST_KEY_UISupportedInterfaceOrientations_iPhone = "UIInterfaceOrientationPortrait UIInterfaceOrientationLandscapeLeft UIInterfaceOrientationLandscapeRight";
				LD_RUNPATH_SEARCH_PATHS = (
					"$(inherited)",
					"@executable_path/Frameworks",
				);
				MARKETING_VERSION = 1.0;
				PRODUCT_BUNDLE_IDENTIFIER = io.srz.MVVM;
				PRODUCT_NAME = "$(TARGET_NAME)";
				SWIFT_EMIT_LOC_STRINGS = YES;
				SWIFT_VERSION = 5.0;
				TARGETED_DEVICE_FAMILY = "1,2";
			};
			name = Debug;
		};
		D1347B8428BDB48F009635DF /* Release */ = {
			isa = XCBuildConfiguration;
			buildSettings = {
				ASSETCATALOG_COMPILER_APPICON_NAME = AppIcon;
				ASSETCATALOG_COMPILER_GLOBAL_ACCENT_COLOR_NAME = AccentColor;
				CODE_SIGN_STYLE = Automatic;
				CURRENT_PROJECT_VERSION = 1;
				DEVELOPMENT_ASSET_PATHS = "\"MVVM/Preview Content\"";
				ENABLE_PREVIEWS = YES;
				GENERATE_INFOPLIST_FILE = YES;
				INFOPLIST_KEY_UIApplicationSceneManifest_Generation = YES;
				INFOPLIST_KEY_UIApplicationSupportsIndirectInputEvents = YES;
				INFOPLIST_KEY_UILaunchScreen_Generation = YES;
				INFOPLIST_KEY_UISupportedInterfaceOrientations_iPad = "UIInterfaceOrientationPortrait UIInterfaceOrientationPortraitUpsideDown UIInterfaceOrientationLandscapeLeft UIInterfaceOrientationLandscapeRight";
				INFOPLIST_KEY_UISupportedInterfaceOrientations_iPhone = "UIInterfaceOrientationPortrait UIInterfaceOrientationLandscapeLeft UIInterfaceOrientationLandscapeRight";
				LD_RUNPATH_SEARCH_PATHS = (
					"$(inherited)",
					"@executable_path/Frameworks",
				);
				MARKETING_VERSION = 1.0;
				PRODUCT_BUNDLE_IDENTIFIER = io.srz.MVVM;
				PRODUCT_NAME = "$(TARGET_NAME)";
				SWIFT_EMIT_LOC_STRINGS = YES;
				SWIFT_VERSION = 5.0;
				TARGETED_DEVICE_FAMILY = "1,2";
			};
			name = Release;
		};
		D1347B8628BDB48F009635DF /* Debug */ = {
			isa = XCBuildConfiguration;
			buildSettings = {
				ALWAYS_EMBED_SWIFT_STANDARD_LIBRARIES = YES;
				BUNDLE_LOADER = "$(TEST_HOST)";
				CODE_SIGN_STYLE = Automatic;
				CURRENT_PROJECT_VERSION = 1;
				GENERATE_INFOPLIST_FILE = YES;
				IPHONEOS_DEPLOYMENT_TARGET = 15.5;
				MARKETING_VERSION = 1.0;
				PRODUCT_BUNDLE_IDENTIFIER = io.srz.MVVMTests;
				PRODUCT_NAME = "$(TARGET_NAME)";
				SWIFT_EMIT_LOC_STRINGS = NO;
				SWIFT_VERSION = 5.0;
				TARGETED_DEVICE_FAMILY = "1,2";
				TEST_HOST = "$(BUILT_PRODUCTS_DIR)/MVVM.app/MVVM";
			};
			name = Debug;
		};
		D1347B8728BDB48F009635DF /* Release */ = {
			isa = XCBuildConfiguration;
			buildSettings = {
				ALWAYS_EMBED_SWIFT_STANDARD_LIBRARIES = YES;
				BUNDLE_LOADER = "$(TEST_HOST)";
				CODE_SIGN_STYLE = Automatic;
				CURRENT_PROJECT_VERSION = 1;
				GENERATE_INFOPLIST_FILE = YES;
				IPHONEOS_DEPLOYMENT_TARGET = 15.5;
				MARKETING_VERSION = 1.0;
				PRODUCT_BUNDLE_IDENTIFIER = io.srz.MVVMTests;
				PRODUCT_NAME = "$(TARGET_NAME)";
				SWIFT_EMIT_LOC_STRINGS = NO;
				SWIFT_VERSION = 5.0;
				TARGETED_DEVICE_FAMILY = "1,2";
				TEST_HOST = "$(BUILT_PRODUCTS_DIR)/MVVM.app/MVVM";
			};
			name = Release;
		};
		D1347B8928BDB48F009635DF /* Debug */ = {
			isa = XCBuildConfiguration;
			buildSettings = {
				ALWAYS_EMBED_SWIFT_STANDARD_LIBRARIES = YES;
				CODE_SIGN_STYLE = Automatic;
				CURRENT_PROJECT_VERSION = 1;
				GENERATE_INFOPLIST_FILE = YES;
				MARKETING_VERSION = 1.0;
				PRODUCT_BUNDLE_IDENTIFIER = io.srz.MVVMUITests;
				PRODUCT_NAME = "$(TARGET_NAME)";
				SWIFT_EMIT_LOC_STRINGS = NO;
				SWIFT_VERSION = 5.0;
				TARGETED_DEVICE_FAMILY = "1,2";
				TEST_TARGET_NAME = MVVM;
			};
			name = Debug;
		};
		D1347B8A28BDB48F009635DF /* Release */ = {
			isa = XCBuildConfiguration;
			buildSettings = {
				ALWAYS_EMBED_SWIFT_STANDARD_LIBRARIES = YES;
				CODE_SIGN_STYLE = Automatic;
				CURRENT_PROJECT_VERSION = 1;
				GENERATE_INFOPLIST_FILE = YES;
				MARKETING_VERSION = 1.0;
				PRODUCT_BUNDLE_IDENTIFIER = io.srz.MVVMUITests;
				PRODUCT_NAME = "$(TARGET_NAME)";
				SWIFT_EMIT_LOC_STRINGS = NO;
				SWIFT_VERSION = 5.0;
				TARGETED_DEVICE_FAMILY = "1,2";
				TEST_TARGET_NAME = MVVM;
			};
			name = Release;
		};
/* End XCBuildConfiguration section */

/* Begin XCConfigurationList section */
		D1347B5928BDB48F009635DF /* Build configuration list for PBXProject "MVVM" */ = {
			isa = XCConfigurationList;
			buildConfigurations = (
				D1347B8028BDB48F009635DF /* Debug */,
				D1347B8128BDB48F009635DF /* Release */,
			);
			defaultConfigurationIsVisible = 0;
			defaultConfigurationName = Release;
		};
		D1347B8228BDB48F009635DF /* Build configuration list for PBXNativeTarget "MVVM" */ = {
			isa = XCConfigurationList;
			buildConfigurations = (
				D1347B8328BDB48F009635DF /* Debug */,
				D1347B8428BDB48F009635DF /* Release */,
			);
			defaultConfigurationIsVisible = 0;
			defaultConfigurationName = Release;
		};
		D1347B8528BDB48F009635DF /* Build configuration list for PBXNativeTarget "MVVMTests" */ = {
			isa = XCConfigurationList;
			buildConfigurations = (
				D1347B8628BDB48F009635DF /* Debug */,
				D1347B8728BDB48F009635DF /* Release */,
			);
			defaultConfigurationIsVisible = 0;
			defaultConfigurationName = Release;
		};
		D1347B8828BDB48F009635DF /* Build configuration list for PBXNativeTarget "MVVMUITests" */ = {
			isa = XCConfigurationList;
			buildConfigurations = (
				D1347B8928BDB48F009635DF /* Debug */,
				D1347B8A28BDB48F009635DF /* Release */,
			);
			defaultConfigurationIsVisible = 0;
			defaultConfigurationName = Release;
		};
/* End XCConfigurationList section */
	};
	rootObject = D1347B5628BDB48F009635DF /* Project object */;
}
